{
    "_readme": [
        "This file locks the dependencies of your project to a known state",
        "Read more about it at https://getcomposer.org/doc/01-basic-usage.md#installing-dependencies",
        "This file is @generated automatically"
    ],
    "content-hash": "9d118e28a9c464d1cafaa550494e2534",
    "packages": [
        {
            "name": "shaggyze/mal-scraper",
            "version": "dev-master",
            "source": {
                "type": "git",
                "url": "https://github.com/shaggyze/MAL-Scraper.git",
                "reference": "cc8d262efed1bc9d5c1ed3885fe0da2b2dfc4ee7"
            },
            "dist": {
                "type": "zip",
                "url": "https://api.github.com/repos/shaggyze/MAL-Scraper/zipball/cc8d262efed1bc9d5c1ed3885fe0da2b2dfc4ee7",
                "reference": "cc8d262efed1bc9d5c1ed3885fe0da2b2dfc4ee7",
                "shasum": ""
            },
            "require": {
                "php": ">=5.4",
                "shaggyze/php-simple-html-dom-parser": "dev-master",
                "shaggyze/simple-php-cache": "dev-master"
            },
            "default-branch": true,
            "type": "library",
            "autoload": {
                "psr-0": {
                    "MalScraper": "src/"
                }
            },
            "license": [
                "MIT"
            ],
            "authors": [
                {
                    "name": "ShaggyZE",
                    "email": "shaggyze@gmail.com"
                }
            ],
            "description": "Unofficial MyAnimeList API that scrap and parse everything from MyAnimeList web into array and json",
            "support": {
                "source": "https://github.com/shaggyze/MAL-Scraper/tree/master"
            },
            "time": "2025-04-07T13:55:56+00:00"
        },
        {
            "name": "shaggyze/php-simple-html-dom-parser",
            "version": "dev-master",
            "source": {
                "type": "git",
                "url": "https://github.com/shaggyze/php-simple-html-dom-parser.git",
                "reference": "042f9d021674c62a442deb6e9624ec15442d3391"
            },
            "dist": {
                "type": "zip",
                "url": "https://api.github.com/repos/shaggyze/php-simple-html-dom-parser/zipball/042f9d021674c62a442deb6e9624ec15442d3391",
                "reference": "042f9d021674c62a442deb6e9624ec15442d3391",
                "shasum": ""
            },
            "require": {
                "ext-mbstring": "*",
                "php": ">=5.3.2"
            },
            "default-branch": true,
            "type": "library",
            "autoload": {
                "psr-0": {
                    "HtmlDomParser": "Src/"
                }
            },
            "notification-url": "https://packagist.org/downloads/",
            "license": [
                "MIT"
            ],
            "authors": [
                {
                    "name": "S.C. Chen",
                    "homepage": "http://sourceforge.net/projects/simplehtmldom/"
                },
                {
                    "name": "Sunra",
                    "email": "sunra@yandex.ru",
                    "homepage": "https://github.com/sunra"
                },
                {
                    "name": "Axel Oktavian Antonio",
                    "email": "axel.rl.404@gmail.com"
                },
                {
                    "name": "ShaggyZE",
                    "email": "shaggyze@gmail.com"
                }
            ],
            "description": "Composer adaptation of: A HTML DOM parser written in PHP5+ let you manipulate HTML in a very easy way! Require PHP 5+. Supports invalid HTML. Find tags on an HTML page with selectors just like jQuery. Extract contents from HTML in a single line.",
            "homepage": "https://github.com/sunra/php-simple-html-dom-parser",
            "keywords": [
                "dom",
                "html",
                "parser"
            ],
            "support": {
                "source": "https://github.com/shaggyze/php-simple-html-dom-parser/tree/master"
            },
            "time": "2024-11-10T15:43:36+00:00"
        },
        {
            "name": "shaggyze/simple-php-cache",
            "version": "dev-master",
            "source": {
                "type": "git",
                "url": "https://github.com/shaggyze/Simple-PHP-Cache.git",
                "reference": "24916c63126a1a9da7b4b36fc168a0b4c02f970f"
            },
            "dist": {
                "type": "zip",
                "url": "https://api.github.com/repos/shaggyze/Simple-PHP-Cache/zipball/24916c63126a1a9da7b4b36fc168a0b4c02f970f",
                "reference": "24916c63126a1a9da7b4b36fc168a0b4c02f970f",
                "shasum": ""
            },
            "require": {
                "ext-curl": "*",
                "php": ">=5.2.0"
            },
            "default-branch": true,
            "type": "library",
            "autoload": {
                "classmap": [
                    "."
                ]
            },
            "notification-url": "https://packagist.org/downloads/",
            "license": [
                "proprietary"
            ],
            "authors": [
                {
                    "name": "Christian Metz",
                    "email": "christian-metz1@gmx.net",
                    "homepage": "http://metzweb.net"
                },
                {
                    "name": "Axel Oktavian Antonio",
                    "email": "axel.rl.404@gmail.com"
                },
                {
                    "name": "ShaggyZE",
                    "email": "shaggyze@gmail.com"
                }
            ],
            "description": "A light, simple but powerful PHP5 Cache Class which uses the filesystem for caching.",
            "homepage": "https://github.com/cosenary/Simple-PHP-Cache",
            "keywords": [
                "Simple",
                "cache",
                "filesystem",
                "json"
            ],
            "support": {
                "source": "https://github.com/shaggyze/Simple-PHP-Cache/tree/master"
            },
            "time": "2024-10-09T14:29:21+00:00"
        }
    ],
    "packages-dev": [],
    "aliases": [],
    "minimum-stability": "dev",
    "stability-flags": {
        "shaggyze/mal-scraper": 20
    },
    "prefer-stable": false,
    "prefer-lowest": false,
    "platform": [],
    "platform-dev": [],
    "plugin-api-version": "2.6.0"
}
